// !$*UTF8*$!
{
	archiveVersion = 1;
	classes = {
	};
	objectVersion = 52;
	objects = {

/* Begin PBXBuildFile section */
		8B0E678ADD9A8015ADAB263E /* Pods_Xkcd_Comics.framework in Frameworks */ = {isa = PBXBuildFile; fileRef = 646E6183AF3303C6A6B17226 /* Pods_Xkcd_Comics.framework */; };
		96897B0878BC8882F20AC7FA /* Pods_Xkcd_ComicsTests.framework in Frameworks */ = {isa = PBXBuildFile; fileRef = 9F8B77F65822F01DD72C8483 /* Pods_Xkcd_ComicsTests.framework */; };
		B94C3BD827D781DF00362234 /* HTTPMethod.swift in Sources */ = {isa = PBXBuildFile; fileRef = B94C3BD727D781DF00362234 /* HTTPMethod.swift */; };
		B94C3BDA27D7823E00362234 /* RequestFactory.swift in Sources */ = {isa = PBXBuildFile; fileRef = B94C3BD927D7823E00362234 /* RequestFactory.swift */; };
		B94C3BDD27D786CF00362234 /* RequestFactoryTests.swift in Sources */ = {isa = PBXBuildFile; fileRef = B94C3BDC27D786CF00362234 /* RequestFactoryTests.swift */; };
		B94C3BDF27D7A70700362234 /* HTTPRequest.swift in Sources */ = {isa = PBXBuildFile; fileRef = B94C3BDE27D7A70700362234 /* HTTPRequest.swift */; };
		B980607327D0CA50008103F6 /* MockFetchingService.swift in Sources */ = {isa = PBXBuildFile; fileRef = B980607227D0CA50008103F6 /* MockFetchingService.swift */; };
		B980607627D0CA98008103F6 /* FetchingServiceProtocol.swift in Sources */ = {isa = PBXBuildFile; fileRef = B980607527D0CA98008103F6 /* FetchingServiceProtocol.swift */; };
		B980607827D0EC5D008103F6 /* MockUserDataService.swift in Sources */ = {isa = PBXBuildFile; fileRef = B980607727D0EC5D008103F6 /* MockUserDataService.swift */; };
		B980607A27D0ECB6008103F6 /* UserDataProtocol.swift in Sources */ = {isa = PBXBuildFile; fileRef = B980607927D0ECB6008103F6 /* UserDataProtocol.swift */; };
		B9AF8CC3274E3CCC00B1552B /* CustomButton.swift in Sources */ = {isa = PBXBuildFile; fileRef = B9AF8CC2274E3CCC00B1552B /* CustomButton.swift */; };
		B9AF8CC5274E4D8F00B1552B /* ExplanationView.swift in Sources */ = {isa = PBXBuildFile; fileRef = B9AF8CC4274E4D8F00B1552B /* ExplanationView.swift */; };
		B9AF8CC7274E554400B1552B /* ExplanationViewModel.swift in Sources */ = {isa = PBXBuildFile; fileRef = B9AF8CC6274E554400B1552B /* ExplanationViewModel.swift */; };
		B9AF8CC9274E560100B1552B /* Webview.swift in Sources */ = {isa = PBXBuildFile; fileRef = B9AF8CC8274E560100B1552B /* Webview.swift */; };
		B9AF8CCC274E6A7500B1552B /* Kingfisher in Frameworks */ = {isa = PBXBuildFile; productRef = B9AF8CCB274E6A7500B1552B /* Kingfisher */; };
		B9BF609227C9255000F4A611 /* UserDataService.swift in Sources */ = {isa = PBXBuildFile; fileRef = B9BF609127C9255000F4A611 /* UserDataService.swift */; };
		B9D1AD32274E182200028CF6 /* Xkcd_ComicsApp.swift in Sources */ = {isa = PBXBuildFile; fileRef = B9D1AD31274E182200028CF6 /* Xkcd_ComicsApp.swift */; };
		B9D1AD34274E182200028CF6 /* ComicsView.swift in Sources */ = {isa = PBXBuildFile; fileRef = B9D1AD33274E182200028CF6 /* ComicsView.swift */; };
		B9D1AD36274E182300028CF6 /* Assets.xcassets in Resources */ = {isa = PBXBuildFile; fileRef = B9D1AD35274E182300028CF6 /* Assets.xcassets */; };
		B9D1AD39274E182300028CF6 /* Preview Assets.xcassets in Resources */ = {isa = PBXBuildFile; fileRef = B9D1AD38274E182300028CF6 /* Preview Assets.xcassets */; };
		B9D1AD45274E1D4800028CF6 /* ComicsViewModel.swift in Sources */ = {isa = PBXBuildFile; fileRef = B9D1AD44274E1D4800028CF6 /* ComicsViewModel.swift */; };
		B9D1AD47274E209500028CF6 /* Comic.swift in Sources */ = {isa = PBXBuildFile; fileRef = B9D1AD46274E209500028CF6 /* Comic.swift */; };
		B9EBD7B12750D36D003631EB /* CustomIconButton.swift in Sources */ = {isa = PBXBuildFile; fileRef = B9EBD7B02750D36D003631EB /* CustomIconButton.swift */; };
		B9EBD7B92750EB97003631EB /* Xkcd_ComicsTests.swift in Sources */ = {isa = PBXBuildFile; fileRef = B9EBD7B82750EB97003631EB /* Xkcd_ComicsTests.swift */; };
		B9FA46E327C63F0400E2AA6F /* FetchingService.swift in Sources */ = {isa = PBXBuildFile; fileRef = B9FA46E227C63F0400E2AA6F /* FetchingService.swift */; };
/* End PBXBuildFile section */

/* Begin PBXContainerItemProxy section */
		B9EBD7BB2750EB97003631EB /* PBXContainerItemProxy */ = {
			isa = PBXContainerItemProxy;
			containerPortal = B9D1AD26274E182200028CF6 /* Project object */;
			proxyType = 1;
			remoteGlobalIDString = B9D1AD2D274E182200028CF6;
			remoteInfo = "Xkcd-Comics";
		};
/* End PBXContainerItemProxy section */

/* Begin PBXFileReference section */
		5A8737F8C84B2263F9BEBA85 /* Pods-Xkcd-Comics.release.xcconfig */ = {isa = PBXFileReference; includeInIndex = 1; lastKnownFileType = text.xcconfig; name = "Pods-Xkcd-Comics.release.xcconfig"; path = "Target Support Files/Pods-Xkcd-Comics/Pods-Xkcd-Comics.release.xcconfig"; sourceTree = "<group>"; };
		646E6183AF3303C6A6B17226 /* Pods_Xkcd_Comics.framework */ = {isa = PBXFileReference; explicitFileType = wrapper.framework; includeInIndex = 0; path = Pods_Xkcd_Comics.framework; sourceTree = BUILT_PRODUCTS_DIR; };
		72FBC6FA8950E732148706F9 /* Pods-Xkcd-Comics.debug.xcconfig */ = {isa = PBXFileReference; includeInIndex = 1; lastKnownFileType = text.xcconfig; name = "Pods-Xkcd-Comics.debug.xcconfig"; path = "Target Support Files/Pods-Xkcd-Comics/Pods-Xkcd-Comics.debug.xcconfig"; sourceTree = "<group>"; };
		75FD08196EAAB7EF54C62594 /* Pods-Xkcd-ComicsTests.debug.xcconfig */ = {isa = PBXFileReference; includeInIndex = 1; lastKnownFileType = text.xcconfig; name = "Pods-Xkcd-ComicsTests.debug.xcconfig"; path = "Target Support Files/Pods-Xkcd-ComicsTests/Pods-Xkcd-ComicsTests.debug.xcconfig"; sourceTree = "<group>"; };
		9F8B77F65822F01DD72C8483 /* Pods_Xkcd_ComicsTests.framework */ = {isa = PBXFileReference; explicitFileType = wrapper.framework; includeInIndex = 0; path = Pods_Xkcd_ComicsTests.framework; sourceTree = BUILT_PRODUCTS_DIR; };
		A2E59F4FB74B18D10356887B /* Pods-Xkcd-ComicsTests.release.xcconfig */ = {isa = PBXFileReference; includeInIndex = 1; lastKnownFileType = text.xcconfig; name = "Pods-Xkcd-ComicsTests.release.xcconfig"; path = "Target Support Files/Pods-Xkcd-ComicsTests/Pods-Xkcd-ComicsTests.release.xcconfig"; sourceTree = "<group>"; };
		B94C3BD727D781DF00362234 /* HTTPMethod.swift */ = {isa = PBXFileReference; lastKnownFileType = sourcecode.swift; path = HTTPMethod.swift; sourceTree = "<group>"; };
		B94C3BD927D7823E00362234 /* RequestFactory.swift */ = {isa = PBXFileReference; lastKnownFileType = sourcecode.swift; path = RequestFactory.swift; sourceTree = "<group>"; };
		B94C3BDC27D786CF00362234 /* RequestFactoryTests.swift */ = {isa = PBXFileReference; lastKnownFileType = sourcecode.swift; path = RequestFactoryTests.swift; sourceTree = "<group>"; };
		B94C3BDE27D7A70700362234 /* HTTPRequest.swift */ = {isa = PBXFileReference; fileEncoding = 4; lastKnownFileType = sourcecode.swift; path = HTTPRequest.swift; sourceTree = "<group>"; };
		B980607227D0CA50008103F6 /* MockFetchingService.swift */ = {isa = PBXFileReference; lastKnownFileType = sourcecode.swift; path = MockFetchingService.swift; sourceTree = "<group>"; };
		B980607527D0CA98008103F6 /* FetchingServiceProtocol.swift */ = {isa = PBXFileReference; lastKnownFileType = sourcecode.swift; path = FetchingServiceProtocol.swift; sourceTree = "<group>"; };
		B980607727D0EC5D008103F6 /* MockUserDataService.swift */ = {isa = PBXFileReference; lastKnownFileType = sourcecode.swift; path = MockUserDataService.swift; sourceTree = "<group>"; };
		B980607927D0ECB6008103F6 /* UserDataProtocol.swift */ = {isa = PBXFileReference; lastKnownFileType = sourcecode.swift; path = UserDataProtocol.swift; sourceTree = "<group>"; };
		B9AF8CC2274E3CCC00B1552B /* CustomButton.swift */ = {isa = PBXFileReference; lastKnownFileType = sourcecode.swift; path = CustomButton.swift; sourceTree = "<group>"; };
		B9AF8CC4274E4D8F00B1552B /* ExplanationView.swift */ = {isa = PBXFileReference; lastKnownFileType = sourcecode.swift; path = ExplanationView.swift; sourceTree = "<group>"; };
		B9AF8CC6274E554400B1552B /* ExplanationViewModel.swift */ = {isa = PBXFileReference; lastKnownFileType = sourcecode.swift; path = ExplanationViewModel.swift; sourceTree = "<group>"; };
		B9AF8CC8274E560100B1552B /* Webview.swift */ = {isa = PBXFileReference; lastKnownFileType = sourcecode.swift; path = Webview.swift; sourceTree = "<group>"; };
		B9BF609127C9255000F4A611 /* UserDataService.swift */ = {isa = PBXFileReference; lastKnownFileType = sourcecode.swift; path = UserDataService.swift; sourceTree = "<group>"; };
		B9D1AD2E274E182200028CF6 /* Xkcd-Comics.app */ = {isa = PBXFileReference; explicitFileType = wrapper.application; includeInIndex = 0; path = "Xkcd-Comics.app"; sourceTree = BUILT_PRODUCTS_DIR; };
		B9D1AD31274E182200028CF6 /* Xkcd_ComicsApp.swift */ = {isa = PBXFileReference; lastKnownFileType = sourcecode.swift; path = Xkcd_ComicsApp.swift; sourceTree = "<group>"; };
		B9D1AD33274E182200028CF6 /* ComicsView.swift */ = {isa = PBXFileReference; lastKnownFileType = sourcecode.swift; path = ComicsView.swift; sourceTree = "<group>"; };
		B9D1AD35274E182300028CF6 /* Assets.xcassets */ = {isa = PBXFileReference; lastKnownFileType = folder.assetcatalog; path = Assets.xcassets; sourceTree = "<group>"; };
		B9D1AD38274E182300028CF6 /* Preview Assets.xcassets */ = {isa = PBXFileReference; lastKnownFileType = folder.assetcatalog; path = "Preview Assets.xcassets"; sourceTree = "<group>"; };
		B9D1AD3A274E182300028CF6 /* Info.plist */ = {isa = PBXFileReference; lastKnownFileType = text.plist.xml; path = Info.plist; sourceTree = "<group>"; };
		B9D1AD44274E1D4800028CF6 /* ComicsViewModel.swift */ = {isa = PBXFileReference; lastKnownFileType = sourcecode.swift; path = ComicsViewModel.swift; sourceTree = "<group>"; };
		B9D1AD46274E209500028CF6 /* Comic.swift */ = {isa = PBXFileReference; lastKnownFileType = sourcecode.swift; path = Comic.swift; sourceTree = "<group>"; };
		B9EBD7B02750D36D003631EB /* CustomIconButton.swift */ = {isa = PBXFileReference; lastKnownFileType = sourcecode.swift; path = CustomIconButton.swift; sourceTree = "<group>"; };
		B9EBD7B62750EB96003631EB /* Xkcd-ComicsTests.xctest */ = {isa = PBXFileReference; explicitFileType = wrapper.cfbundle; includeInIndex = 0; path = "Xkcd-ComicsTests.xctest"; sourceTree = BUILT_PRODUCTS_DIR; };
		B9EBD7B82750EB97003631EB /* Xkcd_ComicsTests.swift */ = {isa = PBXFileReference; lastKnownFileType = sourcecode.swift; path = Xkcd_ComicsTests.swift; sourceTree = "<group>"; };
		B9EBD7BA2750EB97003631EB /* Info.plist */ = {isa = PBXFileReference; lastKnownFileType = text.plist.xml; path = Info.plist; sourceTree = "<group>"; };
		B9FA46E227C63F0400E2AA6F /* FetchingService.swift */ = {isa = PBXFileReference; lastKnownFileType = sourcecode.swift; path = FetchingService.swift; sourceTree = "<group>"; };
/* End PBXFileReference section */

/* Begin PBXFrameworksBuildPhase section */
		B9D1AD2B274E182200028CF6 /* Frameworks */ = {
			isa = PBXFrameworksBuildPhase;
			buildActionMask = 2147483647;
			files = (
				B9AF8CCC274E6A7500B1552B /* Kingfisher in Frameworks */,
				8B0E678ADD9A8015ADAB263E /* Pods_Xkcd_Comics.framework in Frameworks */,
			);
			runOnlyForDeploymentPostprocessing = 0;
		};
		B9EBD7B32750EB96003631EB /* Frameworks */ = {
			isa = PBXFrameworksBuildPhase;
			buildActionMask = 2147483647;
			files = (
				96897B0878BC8882F20AC7FA /* Pods_Xkcd_ComicsTests.framework in Frameworks */,
			);
			runOnlyForDeploymentPostprocessing = 0;
		};
/* End PBXFrameworksBuildPhase section */

/* Begin PBXGroup section */
		7B8DFDC99074792485348F45 /* Pods */ = {
			isa = PBXGroup;
			children = (
				72FBC6FA8950E732148706F9 /* Pods-Xkcd-Comics.debug.xcconfig */,
				5A8737F8C84B2263F9BEBA85 /* Pods-Xkcd-Comics.release.xcconfig */,
				75FD08196EAAB7EF54C62594 /* Pods-Xkcd-ComicsTests.debug.xcconfig */,
				A2E59F4FB74B18D10356887B /* Pods-Xkcd-ComicsTests.release.xcconfig */,
			);
			path = Pods;
			sourceTree = "<group>";
		};
		B94C3BD427D780EE00362234 /* Networking */ = {
			isa = PBXGroup;
			children = (
				B94C3BD727D781DF00362234 /* HTTPMethod.swift */,
				B94C3BD927D7823E00362234 /* RequestFactory.swift */,
				B94C3BDE27D7A70700362234 /* HTTPRequest.swift */,
			);
			path = Networking;
			sourceTree = "<group>";
		};
		B94C3BDB27D786C300362234 /* Networking */ = {
			isa = PBXGroup;
			children = (
				B94C3BDC27D786CF00362234 /* RequestFactoryTests.swift */,
			);
			path = Networking;
			sourceTree = "<group>";
		};
		B980607127D0CA2F008103F6 /* MockServices */ = {
			isa = PBXGroup;
			children = (
				B980607227D0CA50008103F6 /* MockFetchingService.swift */,
				B980607727D0EC5D008103F6 /* MockUserDataService.swift */,
			);
			path = MockServices;
			sourceTree = "<group>";
		};
		B980607427D0CA76008103F6 /* Protocols */ = {
			isa = PBXGroup;
			children = (
				B980607527D0CA98008103F6 /* FetchingServiceProtocol.swift */,
				B980607927D0ECB6008103F6 /* UserDataProtocol.swift */,
			);
			path = Protocols;
			sourceTree = "<group>";
		};
		B9AF8CCA274E6A7500B1552B /* Frameworks */ = {
			isa = PBXGroup;
			children = (
				646E6183AF3303C6A6B17226 /* Pods_Xkcd_Comics.framework */,
				9F8B77F65822F01DD72C8483 /* Pods_Xkcd_ComicsTests.framework */,
			);
			name = Frameworks;
			sourceTree = "<group>";
		};
		B9D1AD25274E182200028CF6 = {
			isa = PBXGroup;
			children = (
				B9D1AD30274E182200028CF6 /* Xkcd-Comics */,
				B9EBD7B72750EB96003631EB /* Xkcd-ComicsTests */,
				B9D1AD2F274E182200028CF6 /* Products */,
				B9AF8CCA274E6A7500B1552B /* Frameworks */,
				7B8DFDC99074792485348F45 /* Pods */,
			);
			sourceTree = "<group>";
		};
		B9D1AD2F274E182200028CF6 /* Products */ = {
			isa = PBXGroup;
			children = (
				B9D1AD2E274E182200028CF6 /* Xkcd-Comics.app */,
				B9EBD7B62750EB96003631EB /* Xkcd-ComicsTests.xctest */,
			);
			name = Products;
			sourceTree = "<group>";
		};
		B9D1AD30274E182200028CF6 /* Xkcd-Comics */ = {
			isa = PBXGroup;
			children = (
				B94C3BD427D780EE00362234 /* Networking */,
				B980607427D0CA76008103F6 /* Protocols */,
				B9FA46E127C63EDE00E2AA6F /* Services */,
				B9D1AD43274E1CCA00028CF6 /* ContentViews */,
				B9D1AD42274E1CB600028CF6 /* Views */,
				B9D1AD41274E1C8D00028CF6 /* ViewModels */,
				B9D1AD40274E1C8400028CF6 /* Models */,
				B9D1AD31274E182200028CF6 /* Xkcd_ComicsApp.swift */,
				B9D1AD35274E182300028CF6 /* Assets.xcassets */,
				B9D1AD3A274E182300028CF6 /* Info.plist */,
				B9D1AD37274E182300028CF6 /* Preview Content */,
			);
			path = "Xkcd-Comics";
			sourceTree = "<group>";
		};
		B9D1AD37274E182300028CF6 /* Preview Content */ = {
			isa = PBXGroup;
			children = (
				B9D1AD38274E182300028CF6 /* Preview Assets.xcassets */,
			);
			path = "Preview Content";
			sourceTree = "<group>";
		};
		B9D1AD40274E1C8400028CF6 /* Models */ = {
			isa = PBXGroup;
			children = (
				B9D1AD46274E209500028CF6 /* Comic.swift */,
				B9AF8CC8274E560100B1552B /* Webview.swift */,
			);
			path = Models;
			sourceTree = "<group>";
		};
		B9D1AD41274E1C8D00028CF6 /* ViewModels */ = {
			isa = PBXGroup;
			children = (
				B9D1AD44274E1D4800028CF6 /* ComicsViewModel.swift */,
				B9AF8CC6274E554400B1552B /* ExplanationViewModel.swift */,
			);
			path = ViewModels;
			sourceTree = "<group>";
		};
		B9D1AD42274E1CB600028CF6 /* Views */ = {
			isa = PBXGroup;
			children = (
				B9AF8CC2274E3CCC00B1552B /* CustomButton.swift */,
				B9EBD7B02750D36D003631EB /* CustomIconButton.swift */,
			);
			path = Views;
			sourceTree = "<group>";
		};
		B9D1AD43274E1CCA00028CF6 /* ContentViews */ = {
			isa = PBXGroup;
			children = (
				B9D1AD33274E182200028CF6 /* ComicsView.swift */,
				B9AF8CC4274E4D8F00B1552B /* ExplanationView.swift */,
			);
			path = ContentViews;
			sourceTree = "<group>";
		};
		B9EBD7B72750EB96003631EB /* Xkcd-ComicsTests */ = {
			isa = PBXGroup;
			children = (
				B980607127D0CA2F008103F6 /* MockServices */,
				B9EBD7B82750EB97003631EB /* Xkcd_ComicsTests.swift */,
				B94C3BDB27D786C300362234 /* Networking */,
				B9EBD7BA2750EB97003631EB /* Info.plist */,
			);
			path = "Xkcd-ComicsTests";
			sourceTree = "<group>";
		};
		B9FA46E127C63EDE00E2AA6F /* Services */ = {
			isa = PBXGroup;
			children = (
				B9FA46E227C63F0400E2AA6F /* FetchingService.swift */,
				B9BF609127C9255000F4A611 /* UserDataService.swift */,
			);
			path = Services;
			sourceTree = "<group>";
		};
/* End PBXGroup section */

/* Begin PBXNativeTarget section */
		B9D1AD2D274E182200028CF6 /* Xkcd-Comics */ = {
			isa = PBXNativeTarget;
			buildConfigurationList = B9D1AD3D274E182300028CF6 /* Build configuration list for PBXNativeTarget "Xkcd-Comics" */;
			buildPhases = (
				FF845C1EBD3A45BF3E552634 /* [CP] Check Pods Manifest.lock */,
				B9D1AD2A274E182200028CF6 /* Sources */,
				B9D1AD2B274E182200028CF6 /* Frameworks */,
				B9D1AD2C274E182200028CF6 /* Resources */,
				B99108B327C3C9FD00A8C8EA /* ShellScript */,
			);
			buildRules = (
			);
			dependencies = (
			);
			name = "Xkcd-Comics";
			packageProductDependencies = (
				B9AF8CCB274E6A7500B1552B /* Kingfisher */,
			);
			productName = "Xkcd-Comics";
			productReference = B9D1AD2E274E182200028CF6 /* Xkcd-Comics.app */;
			productType = "com.apple.product-type.application";
		};
		B9EBD7B52750EB96003631EB /* Xkcd-ComicsTests */ = {
			isa = PBXNativeTarget;
			buildConfigurationList = B9EBD7BF2750EB97003631EB /* Build configuration list for PBXNativeTarget "Xkcd-ComicsTests" */;
			buildPhases = (
				6EA292989E524BF95D2F82FD /* [CP] Check Pods Manifest.lock */,
				B9EBD7B22750EB96003631EB /* Sources */,
				B9EBD7B32750EB96003631EB /* Frameworks */,
				B9EBD7B42750EB96003631EB /* Resources */,
			);
			buildRules = (
			);
			dependencies = (
				B9EBD7BC2750EB97003631EB /* PBXTargetDependency */,
			);
			name = "Xkcd-ComicsTests";
			productName = "Xkcd-ComicsTests";
			productReference = B9EBD7B62750EB96003631EB /* Xkcd-ComicsTests.xctest */;
			productType = "com.apple.product-type.bundle.unit-test";
		};
/* End PBXNativeTarget section */

/* Begin PBXProject section */
		B9D1AD26274E182200028CF6 /* Project object */ = {
			isa = PBXProject;
			attributes = {
				LastSwiftUpdateCheck = 1250;
				LastUpgradeCheck = 1250;
				TargetAttributes = {
					B9D1AD2D274E182200028CF6 = {
						CreatedOnToolsVersion = 12.5;
					};
					B9EBD7B52750EB96003631EB = {
						CreatedOnToolsVersion = 12.5;
						TestTargetID = B9D1AD2D274E182200028CF6;
					};
				};
			};
			buildConfigurationList = B9D1AD29274E182200028CF6 /* Build configuration list for PBXProject "Xkcd-Comics" */;
			compatibilityVersion = "Xcode 9.3";
			developmentRegion = en;
			hasScannedForEncodings = 0;
			knownRegions = (
				en,
				Base,
			);
			mainGroup = B9D1AD25274E182200028CF6;
			packageReferences = (
				B9D1AD48274E31E900028CF6 /* XCRemoteSwiftPackageReference "Kingfisher" */,
			);
			productRefGroup = B9D1AD2F274E182200028CF6 /* Products */;
			projectDirPath = "";
			projectRoot = "";
			targets = (
				B9D1AD2D274E182200028CF6 /* Xkcd-Comics */,
				B9EBD7B52750EB96003631EB /* Xkcd-ComicsTests */,
			);
		};
/* End PBXProject section */

/* Begin PBXResourcesBuildPhase section */
		B9D1AD2C274E182200028CF6 /* Resources */ = {
			isa = PBXResourcesBuildPhase;
			buildActionMask = 2147483647;
			files = (
				B9D1AD39274E182300028CF6 /* Preview Assets.xcassets in Resources */,
				B9D1AD36274E182300028CF6 /* Assets.xcassets in Resources */,
			);
			runOnlyForDeploymentPostprocessing = 0;
		};
		B9EBD7B42750EB96003631EB /* Resources */ = {
			isa = PBXResourcesBuildPhase;
			buildActionMask = 2147483647;
			files = (
			);
			runOnlyForDeploymentPostprocessing = 0;
		};
/* End PBXResourcesBuildPhase section */

/* Begin PBXShellScriptBuildPhase section */
		6EA292989E524BF95D2F82FD /* [CP] Check Pods Manifest.lock */ = {
			isa = PBXShellScriptBuildPhase;
			buildActionMask = 2147483647;
			files = (
			);
			inputFileListPaths = (
			);
			inputPaths = (
				"${PODS_PODFILE_DIR_PATH}/Podfile.lock",
				"${PODS_ROOT}/Manifest.lock",
			);
			name = "[CP] Check Pods Manifest.lock";
			outputFileListPaths = (
			);
			outputPaths = (
				"$(DERIVED_FILE_DIR)/Pods-Xkcd-ComicsTests-checkManifestLockResult.txt",
			);
			runOnlyForDeploymentPostprocessing = 0;
			shellPath = /bin/sh;
			shellScript = "diff \"${PODS_PODFILE_DIR_PATH}/Podfile.lock\" \"${PODS_ROOT}/Manifest.lock\" > /dev/null\nif [ $? != 0 ] ; then\n    # print error to STDERR\n    echo \"error: The sandbox is not in sync with the Podfile.lock. Run 'pod install' or update your CocoaPods installation.\" >&2\n    exit 1\nfi\n# This output is used by Xcode 'outputs' to avoid re-running this script phase.\necho \"SUCCESS\" > \"${SCRIPT_OUTPUT_FILE_0}\"\n";
			showEnvVarsInLog = 0;
		};
		B99108B327C3C9FD00A8C8EA /* ShellScript */ = {
			isa = PBXShellScriptBuildPhase;
			buildActionMask = 2147483647;
			files = (
			);
			inputFileListPaths = (
			);
			inputPaths = (
			);
			outputFileListPaths = (
			);
			outputPaths = (
			);
			runOnlyForDeploymentPostprocessing = 0;
			shellPath = /bin/sh;
			shellScript = "# Type a script or drag a script file from your workspace to insert its path.\n\"${PODS_ROOT}/SwiftLint/swiftlint\"\n";
		};
		FF845C1EBD3A45BF3E552634 /* [CP] Check Pods Manifest.lock */ = {
			isa = PBXShellScriptBuildPhase;
			buildActionMask = 2147483647;
			files = (
			);
			inputFileListPaths = (
			);
			inputPaths = (
				"${PODS_PODFILE_DIR_PATH}/Podfile.lock",
				"${PODS_ROOT}/Manifest.lock",
			);
			name = "[CP] Check Pods Manifest.lock";
			outputFileListPaths = (
			);
			outputPaths = (
				"$(DERIVED_FILE_DIR)/Pods-Xkcd-Comics-checkManifestLockResult.txt",
			);
			runOnlyForDeploymentPostprocessing = 0;
			shellPath = /bin/sh;
			shellScript = "diff \"${PODS_PODFILE_DIR_PATH}/Podfile.lock\" \"${PODS_ROOT}/Manifest.lock\" > /dev/null\nif [ $? != 0 ] ; then\n    # print error to STDERR\n    echo \"error: The sandbox is not in sync with the Podfile.lock. Run 'pod install' or update your CocoaPods installation.\" >&2\n    exit 1\nfi\n# This output is used by Xcode 'outputs' to avoid re-running this script phase.\necho \"SUCCESS\" > \"${SCRIPT_OUTPUT_FILE_0}\"\n";
			showEnvVarsInLog = 0;
		};
/* End PBXShellScriptBuildPhase section */

/* Begin PBXSourcesBuildPhase section */
		B9D1AD2A274E182200028CF6 /* Sources */ = {
			isa = PBXSourcesBuildPhase;
			buildActionMask = 2147483647;
			files = (
				B94C3BDA27D7823E00362234 /* RequestFactory.swift in Sources */,
				B9D1AD34274E182200028CF6 /* ComicsView.swift in Sources */,
				B980607627D0CA98008103F6 /* FetchingServiceProtocol.swift in Sources */,
				B980607A27D0ECB6008103F6 /* UserDataProtocol.swift in Sources */,
				B9AF8CC9274E560100B1552B /* Webview.swift in Sources */,
				B94C3BDF27D7A70700362234 /* HTTPRequest.swift in Sources */,
				B9AF8CC5274E4D8F00B1552B /* ExplanationView.swift in Sources */,
				B9D1AD47274E209500028CF6 /* Comic.swift in Sources */,
				B9AF8CC3274E3CCC00B1552B /* CustomButton.swift in Sources */,
				B9EBD7B12750D36D003631EB /* CustomIconButton.swift in Sources */,
				B94C3BD827D781DF00362234 /* HTTPMethod.swift in Sources */,
				B9BF609227C9255000F4A611 /* UserDataService.swift in Sources */,
				B9AF8CC7274E554400B1552B /* ExplanationViewModel.swift in Sources */,
				B9FA46E327C63F0400E2AA6F /* FetchingService.swift in Sources */,
				B9D1AD45274E1D4800028CF6 /* ComicsViewModel.swift in Sources */,
				B9D1AD32274E182200028CF6 /* Xkcd_ComicsApp.swift in Sources */,
			);
			runOnlyForDeploymentPostprocessing = 0;
		};
		B9EBD7B22750EB96003631EB /* Sources */ = {
			isa = PBXSourcesBuildPhase;
			buildActionMask = 2147483647;
			files = (
				B94C3BDD27D786CF00362234 /* RequestFactoryTests.swift in Sources */,
				B980607827D0EC5D008103F6 /* MockUserDataService.swift in Sources */,
				B9EBD7B92750EB97003631EB /* Xkcd_ComicsTests.swift in Sources */,
				B980607327D0CA50008103F6 /* MockFetchingService.swift in Sources */,
			);
			runOnlyForDeploymentPostprocessing = 0;
		};
/* End PBXSourcesBuildPhase section */

/* Begin PBXTargetDependency section */
		B9EBD7BC2750EB97003631EB /* PBXTargetDependency */ = {
			isa = PBXTargetDependency;
			target = B9D1AD2D274E182200028CF6 /* Xkcd-Comics */;
			targetProxy = B9EBD7BB2750EB97003631EB /* PBXContainerItemProxy */;
		};
/* End PBXTargetDependency section */

/* Begin XCBuildConfiguration section */
		B9D1AD3B274E182300028CF6 /* Debug */ = {
			isa = XCBuildConfiguration;
			buildSettings = {
				ALWAYS_SEARCH_USER_PATHS = NO;
				CLANG_ANALYZER_NONNULL = YES;
				CLANG_ANALYZER_NUMBER_OBJECT_CONVERSION = YES_AGGRESSIVE;
				CLANG_CXX_LANGUAGE_STANDARD = "gnu++14";
				CLANG_CXX_LIBRARY = "libc++";
				CLANG_ENABLE_MODULES = YES;
				CLANG_ENABLE_OBJC_ARC = YES;
				CLANG_ENABLE_OBJC_WEAK = YES;
				CLANG_WARN_BLOCK_CAPTURE_AUTORELEASING = YES;
				CLANG_WARN_BOOL_CONVERSION = YES;
				CLANG_WARN_COMMA = YES;
				CLANG_WARN_CONSTANT_CONVERSION = YES;
				CLANG_WARN_DEPRECATED_OBJC_IMPLEMENTATIONS = YES;
				CLANG_WARN_DIRECT_OBJC_ISA_USAGE = YES_ERROR;
				CLANG_WARN_DOCUMENTATION_COMMENTS = YES;
				CLANG_WARN_EMPTY_BODY = YES;
				CLANG_WARN_ENUM_CONVERSION = YES;
				CLANG_WARN_INFINITE_RECURSION = YES;
				CLANG_WARN_INT_CONVERSION = YES;
				CLANG_WARN_NON_LITERAL_NULL_CONVERSION = YES;
				CLANG_WARN_OBJC_IMPLICIT_RETAIN_SELF = YES;
				CLANG_WARN_OBJC_LITERAL_CONVERSION = YES;
				CLANG_WARN_OBJC_ROOT_CLASS = YES_ERROR;
				CLANG_WARN_QUOTED_INCLUDE_IN_FRAMEWORK_HEADER = YES;
				CLANG_WARN_RANGE_LOOP_ANALYSIS = YES;
				CLANG_WARN_STRICT_PROTOTYPES = YES;
				CLANG_WARN_SUSPICIOUS_MOVE = YES;
				CLANG_WARN_UNGUARDED_AVAILABILITY = YES_AGGRESSIVE;
				CLANG_WARN_UNREACHABLE_CODE = YES;
				CLANG_WARN__DUPLICATE_METHOD_MATCH = YES;
				COPY_PHASE_STRIP = NO;
				DEBUG_INFORMATION_FORMAT = dwarf;
				ENABLE_STRICT_OBJC_MSGSEND = YES;
				ENABLE_TESTABILITY = YES;
				GCC_C_LANGUAGE_STANDARD = gnu11;
				GCC_DYNAMIC_NO_PIC = NO;
				GCC_NO_COMMON_BLOCKS = YES;
				GCC_OPTIMIZATION_LEVEL = 0;
				GCC_PREPROCESSOR_DEFINITIONS = (
					"DEBUG=1",
					"$(inherited)",
				);
				GCC_WARN_64_TO_32_BIT_CONVERSION = YES;
				GCC_WARN_ABOUT_RETURN_TYPE = YES_ERROR;
				GCC_WARN_UNDECLARED_SELECTOR = YES;
				GCC_WARN_UNINITIALIZED_AUTOS = YES_AGGRESSIVE;
				GCC_WARN_UNUSED_FUNCTION = YES;
				GCC_WARN_UNUSED_VARIABLE = YES;
				IPHONEOS_DEPLOYMENT_TARGET = 14.5;
				MTL_ENABLE_DEBUG_INFO = INCLUDE_SOURCE;
				MTL_FAST_MATH = YES;
				ONLY_ACTIVE_ARCH = YES;
				SDKROOT = iphoneos;
				SWIFT_ACTIVE_COMPILATION_CONDITIONS = DEBUG;
				SWIFT_OPTIMIZATION_LEVEL = "-Onone";
			};
			name = Debug;
		};
		B9D1AD3C274E182300028CF6 /* Release */ = {
			isa = XCBuildConfiguration;
			buildSettings = {
				ALWAYS_SEARCH_USER_PATHS = NO;
				CLANG_ANALYZER_NONNULL = YES;
				CLANG_ANALYZER_NUMBER_OBJECT_CONVERSION = YES_AGGRESSIVE;
				CLANG_CXX_LANGUAGE_STANDARD = "gnu++14";
				CLANG_CXX_LIBRARY = "libc++";
				CLANG_ENABLE_MODULES = YES;
				CLANG_ENABLE_OBJC_ARC = YES;
				CLANG_ENABLE_OBJC_WEAK = YES;
				CLANG_WARN_BLOCK_CAPTURE_AUTORELEASING = YES;
				CLANG_WARN_BOOL_CONVERSION = YES;
				CLANG_WARN_COMMA = YES;
				CLANG_WARN_CONSTANT_CONVERSION = YES;
				CLANG_WARN_DEPRECATED_OBJC_IMPLEMENTATIONS = YES;
				CLANG_WARN_DIRECT_OBJC_ISA_USAGE = YES_ERROR;
				CLANG_WARN_DOCUMENTATION_COMMENTS = YES;
				CLANG_WARN_EMPTY_BODY = YES;
				CLANG_WARN_ENUM_CONVERSION = YES;
				CLANG_WARN_INFINITE_RECURSION = YES;
				CLANG_WARN_INT_CONVERSION = YES;
				CLANG_WARN_NON_LITERAL_NULL_CONVERSION = YES;
				CLANG_WARN_OBJC_IMPLICIT_RETAIN_SELF = YES;
				CLANG_WARN_OBJC_LITERAL_CONVERSION = YES;
				CLANG_WARN_OBJC_ROOT_CLASS = YES_ERROR;
				CLANG_WARN_QUOTED_INCLUDE_IN_FRAMEWORK_HEADER = YES;
				CLANG_WARN_RANGE_LOOP_ANALYSIS = YES;
				CLANG_WARN_STRICT_PROTOTYPES = YES;
				CLANG_WARN_SUSPICIOUS_MOVE = YES;
				CLANG_WARN_UNGUARDED_AVAILABILITY = YES_AGGRESSIVE;
				CLANG_WARN_UNREACHABLE_CODE = YES;
				CLANG_WARN__DUPLICATE_METHOD_MATCH = YES;
				COPY_PHASE_STRIP = NO;
				DEBUG_INFORMATION_FORMAT = "dwarf-with-dsym";
				ENABLE_NS_ASSERTIONS = NO;
				ENABLE_STRICT_OBJC_MSGSEND = YES;
				GCC_C_LANGUAGE_STANDARD = gnu11;
				GCC_NO_COMMON_BLOCKS = YES;
				GCC_WARN_64_TO_32_BIT_CONVERSION = YES;
				GCC_WARN_ABOUT_RETURN_TYPE = YES_ERROR;
				GCC_WARN_UNDECLARED_SELECTOR = YES;
				GCC_WARN_UNINITIALIZED_AUTOS = YES_AGGRESSIVE;
				GCC_WARN_UNUSED_FUNCTION = YES;
				GCC_WARN_UNUSED_VARIABLE = YES;
				IPHONEOS_DEPLOYMENT_TARGET = 14.5;
				MTL_ENABLE_DEBUG_INFO = NO;
				MTL_FAST_MATH = YES;
				SDKROOT = iphoneos;
				SWIFT_COMPILATION_MODE = wholemodule;
				SWIFT_OPTIMIZATION_LEVEL = "-O";
				VALIDATE_PRODUCT = YES;
			};
			name = Release;
		};
		B9D1AD3E274E182300028CF6 /* Debug */ = {
			isa = XCBuildConfiguration;
			baseConfigurationReference = 72FBC6FA8950E732148706F9 /* Pods-Xkcd-Comics.debug.xcconfig */;
			buildSettings = {
				ASSETCATALOG_COMPILER_APPICON_NAME = AppIcon;
				ASSETCATALOG_COMPILER_GLOBAL_ACCENT_COLOR_NAME = AccentColor;
				CODE_SIGN_STYLE = Automatic;
				DEVELOPMENT_ASSET_PATHS = "\"Xkcd-Comics/Preview Content\"";
				ENABLE_PREVIEWS = YES;
				INFOPLIST_FILE = "Xkcd-Comics/Info.plist";
				IPHONEOS_DEPLOYMENT_TARGET = 14.0;
				LD_RUNPATH_SEARCH_PATHS = (
					"$(inherited)",
					"@executable_path/Frameworks",
				);
				PRODUCT_BUNDLE_IDENTIFIER = "com.tsai.jiajiuan.Xkcd-Comics";
				PRODUCT_NAME = "$(TARGET_NAME)";
				SWIFT_VERSION = 5.0;
				TARGETED_DEVICE_FAMILY = "1,2";
			};
			name = Debug;
		};
		B9D1AD3F274E182300028CF6 /* Release */ = {
			isa = XCBuildConfiguration;
			baseConfigurationReference = 5A8737F8C84B2263F9BEBA85 /* Pods-Xkcd-Comics.release.xcconfig */;
			buildSettings = {
				ASSETCATALOG_COMPILER_APPICON_NAME = AppIcon;
				ASSETCATALOG_COMPILER_GLOBAL_ACCENT_COLOR_NAME = AccentColor;
				CODE_SIGN_STYLE = Automatic;
				DEVELOPMENT_ASSET_PATHS = "\"Xkcd-Comics/Preview Content\"";
				ENABLE_PREVIEWS = YES;
				INFOPLIST_FILE = "Xkcd-Comics/Info.plist";
				IPHONEOS_DEPLOYMENT_TARGET = 14.0;
				LD_RUNPATH_SEARCH_PATHS = (
					"$(inherited)",
					"@executable_path/Frameworks",
				);
				PRODUCT_BUNDLE_IDENTIFIER = "com.tsai.jiajiuan.Xkcd-Comics";
				PRODUCT_NAME = "$(TARGET_NAME)";
				SWIFT_VERSION = 5.0;
				TARGETED_DEVICE_FAMILY = "1,2";
			};
			name = Release;
		};
		B9EBD7BD2750EB97003631EB /* Debug */ = {
			isa = XCBuildConfiguration;
			baseConfigurationReference = 75FD08196EAAB7EF54C62594 /* Pods-Xkcd-ComicsTests.debug.xcconfig */;
			buildSettings = {
				BUNDLE_LOADER = "$(TEST_HOST)";
				CODE_SIGN_STYLE = Automatic;
				INFOPLIST_FILE = "Xkcd-ComicsTests/Info.plist";
				LD_RUNPATH_SEARCH_PATHS = (
					"$(inherited)",
					"@executable_path/Frameworks",
					"@loader_path/Frameworks",
				);
				PRODUCT_BUNDLE_IDENTIFIER = "com.tsai.jiajiuan.Xkcd-ComicsTests";
				PRODUCT_NAME = "$(TARGET_NAME)";
				SWIFT_VERSION = 5.0;
				TARGETED_DEVICE_FAMILY = "1,2";
				TEST_HOST = "$(BUILT_PRODUCTS_DIR)/Xkcd-Comics.app/Xkcd-Comics";
			};
			name = Debug;
		};
		B9EBD7BE2750EB97003631EB /* Release */ = {
			isa = XCBuildConfiguration;
			baseConfigurationReference = A2E59F4FB74B18D10356887B /* Pods-Xkcd-ComicsTests.release.xcconfig */;
			buildSettings = {
				BUNDLE_LOADER = "$(TEST_HOST)";
				CODE_SIGN_STYLE = Automatic;
				INFOPLIST_FILE = "Xkcd-ComicsTests/Info.plist";
				LD_RUNPATH_SEARCH_PATHS = (
					"$(inherited)",
					"@executable_path/Frameworks",
					"@loader_path/Frameworks",
				);
				PRODUCT_BUNDLE_IDENTIFIER = "com.tsai.jiajiuan.Xkcd-ComicsTests";
				PRODUCT_NAME = "$(TARGET_NAME)";
				SWIFT_VERSION = 5.0;
				TARGETED_DEVICE_FAMILY = "1,2";
				TEST_HOST = "$(BUILT_PRODUCTS_DIR)/Xkcd-Comics.app/Xkcd-Comics";
			};
			name = Release;
		};
/* End XCBuildConfiguration section */

/* Begin XCConfigurationList section */
		B9D1AD29274E182200028CF6 /* Build configuration list for PBXProject "Xkcd-Comics" */ = {
			isa = XCConfigurationList;
			buildConfigurations = (
				B9D1AD3B274E182300028CF6 /* Debug */,
				B9D1AD3C274E182300028CF6 /* Release */,
			);
			defaultConfigurationIsVisible = 0;
			defaultConfigurationName = Release;
		};
		B9D1AD3D274E182300028CF6 /* Build configuration list for PBXNativeTarget "Xkcd-Comics" */ = {
			isa = XCConfigurationList;
			buildConfigurations = (
				B9D1AD3E274E182300028CF6 /* Debug */,
				B9D1AD3F274E182300028CF6 /* Release */,
			);
			defaultConfigurationIsVisible = 0;
			defaultConfigurationName = Release;
		};
		B9EBD7BF2750EB97003631EB /* Build configuration list for PBXNativeTarget "Xkcd-ComicsTests" */ = {
			isa = XCConfigurationList;
			buildConfigurations = (
				B9EBD7BD2750EB97003631EB /* Debug */,
				B9EBD7BE2750EB97003631EB /* Release */,
			);
			defaultConfigurationIsVisible = 0;
			defaultConfigurationName = Release;
		};
/* End XCConfigurationList section */

/* Begin XCRemoteSwiftPackageReference section */
		B9D1AD48274E31E900028CF6 /* XCRemoteSwiftPackageReference "Kingfisher" */ = {
			isa = XCRemoteSwiftPackageReference;
			repositoryURL = "https://github.com/onevcat/Kingfisher";
			requirement = {
				kind = upToNextMajorVersion;
				minimumVersion = 7.1.1;
			};
		};
/* End XCRemoteSwiftPackageReference section */

/* Begin XCSwiftPackageProductDependency section */
		B9AF8CCB274E6A7500B1552B /* Kingfisher */ = {
			isa = XCSwiftPackageProductDependency;
			package = B9D1AD48274E31E900028CF6 /* XCRemoteSwiftPackageReference "Kingfisher" */;
			productName = Kingfisher;
		};
/* End XCSwiftPackageProductDependency section */
	};
	rootObject = B9D1AD26274E182200028CF6 /* Project object */;
}
